
Microsoft Visual Studio Solution File, Format Version 12.00
# Visual Studio Version 16
VisualStudioVersion = 16.0.29418.71
MinimumVisualStudioVersion = 10.0.40219.1
Project("{2150E333-8FDC-42A3-9474-1A3956D46DE8}") = "Business Logic Layer", "Business Logic Layer", "{F08B134A-2EF0-4BB1-965C-74BC5848D661}"
EndProject
Project("{2150E333-8FDC-42A3-9474-1A3956D46DE8}") = "Data Access Layer", "Data Access Layer", "{A4348AF5-684D-4727-BCC0-6B543E9BB028}"
EndProject
Project("{2150E333-8FDC-42A3-9474-1A3956D46DE8}") = "Presentation Layer", "Presentation Layer", "{62AD5A2E-5251-4EE1-A7BF-0549067846BE}"
EndProject
Project("{2150E333-8FDC-42A3-9474-1A3956D46DE8}") = "Solution Items", "Solution Items", "{36AE1E9F-8116-4EE8-8F29-D104432E7023}"
	ProjectSection(SolutionItems) = preProject
		.editorconfig = .editorconfig
		.gitignore = .gitignore
		README.md = README.md
	EndProjectSection
EndProject
Project("{2150E333-8FDC-42A3-9474-1A3956D46DE8}") = "MS - MealServices", "MS - MealServices", "{52DCD7F9-F2C0-45AA-A2BA-870AE47B87A3}"
EndProject
Project("{9A19103F-16F7-4668-BE54-9A1E7A4F7556}") = "MealServices.BusinessLayer", "MealServices\MealServices.BusinessLayer\MealServices.BusinessLayer.csproj", "{646F687F-4B2E-43B2-AEA2-E59250724110}"
EndProject
Project("{9A19103F-16F7-4668-BE54-9A1E7A4F7556}") = "MealServices.BusinessLayerTests", "MealServices\MealServices.BusinessLayerTests\MealServices.BusinessLayerTests.csproj", "{899EE2C4-D8F5-4121-9477-FD57F3FC0241}"
EndProject
Project("{9A19103F-16F7-4668-BE54-9A1E7A4F7556}") = "MealServices.DataLayer", "MealServices\MealServices.DataLayer\MealServices.DataLayer.csproj", "{C123D674-444E-4C48-B45B-2D4B9B261576}"
EndProject
Project("{9A19103F-16F7-4668-BE54-9A1E7A4F7556}") = "MealServices.DataLayerTests", "MealServices\MealServices.DataLayerTests\MealServices.DataLayerTests.csproj", "{89F56160-267F-45FE-AB27-C92D3A868B85}"
EndProject
Project("{2150E333-8FDC-42A3-9474-1A3956D46DE8}") = "FS - FacilityServices", "FS - FacilityServices", "{0DDEE60A-8AE3-4255-9B3F-837F62049D4A}"
EndProject
Project("{9A19103F-16F7-4668-BE54-9A1E7A4F7556}") = "FacilityServices.BusinessLayer", "FacilityServices\FacilityServices.BusinessLayer\FacilityServices.BusinessLayer.csproj", "{9DC18D8C-D979-4680-84FE-D6FB55BC7C63}"
EndProject
Project("{2150E333-8FDC-42A3-9474-1A3956D46DE8}") = "Business Logic Layer", "Business Logic Layer", "{135D23C0-EC8E-45B5-8E48-D98B14A0F17E}"
EndProject
Project("{9A19103F-16F7-4668-BE54-9A1E7A4F7556}") = "FacilityServices.BusinessLayerTests", "FacilityServices\FacilityServices.BusinessLayerTests\FacilityServices.BusinessLayerTests.csproj", "{D1AD10B5-310D-4877-ACC1-AF636E809D4A}"
EndProject
Project("{2150E333-8FDC-42A3-9474-1A3956D46DE8}") = "Data Access Layer", "Data Access Layer", "{AEA097D8-4641-4D2E-919B-17DF2BE64BA6}"
EndProject
Project("{9A19103F-16F7-4668-BE54-9A1E7A4F7556}") = "FacilityServices.DataLayer", "FacilityServices\FacilityServices.DataLayer\FacilityServices.DataLayer.csproj", "{3823F515-D90E-4F40-95F3-F62F5F61F225}"
EndProject
Project("{9A19103F-16F7-4668-BE54-9A1E7A4F7556}") = "FacilityServices.DataLayerTests", "FacilityServices\FacilityServices.DataLayerTests\FacilityServices.DataLayerTests.csproj", "{6B2475E4-C154-4A6B-A6F6-A1FE588929A2}"
EndProject
Project("{2150E333-8FDC-42A3-9474-1A3956D46DE8}") = "RS - RegistrationServices", "RS - RegistrationServices", "{57DF89CB-51CE-4D34-B274-403296A15202}"
EndProject
Project("{2150E333-8FDC-42A3-9474-1A3956D46DE8}") = "Business Logic Layer", "Business Logic Layer", "{8295AE90-2063-4E09-8EDC-0107C2FAC9B3}"
EndProject
Project("{2150E333-8FDC-42A3-9474-1A3956D46DE8}") = "Data Access Layer", "Data Access Layer", "{0F156B42-8E76-421F-9149-31BBB87DFF8E}"
EndProject
Project("{2150E333-8FDC-42A3-9474-1A3956D46DE8}") = "TS - TrainingServices", "TS - TrainingServices", "{1EEE6C60-EF60-4054-8EDB-B92890445D30}"
EndProject
Project("{2150E333-8FDC-42A3-9474-1A3956D46DE8}") = "Business Logic Layer", "Business Logic Layer", "{1331A2FD-5835-49CE-BDF2-475D9BC98A1E}"
EndProject
Project("{2150E333-8FDC-42A3-9474-1A3956D46DE8}") = "Data Access Layer", "Data Access Layer", "{5262E2A9-74C4-4C79-AB22-E07EF57E5DA0}"
EndProject
Project("{9A19103F-16F7-4668-BE54-9A1E7A4F7556}") = "TrainingServices.DataLayer", "TrainingServices\TrainingServices.DataLayer\TrainingServices.DataLayer.csproj", "{8D9781AB-6F5C-4573-B65B-BC5A146D7C8D}"
EndProject
Project("{9A19103F-16F7-4668-BE54-9A1E7A4F7556}") = "TrainingServices.DataLayerTests", "TrainingServices\TrainingServices.DataLayerTests\TrainingServices.DataLayerTests.csproj", "{0784B380-C2E0-4CE1-B5D1-3C0C225A50ED}"
EndProject
Project("{9A19103F-16F7-4668-BE54-9A1E7A4F7556}") = "TrainingServices.BusinessLayer", "TrainingServices\TrainingServices.BusinessLayer\TrainingServices.BusinessLayer.csproj", "{2D6CE2EA-EEB3-4006-8908-EE6321661BA7}"
EndProject
Project("{9A19103F-16F7-4668-BE54-9A1E7A4F7556}") = "TrainingServices.BusinessLayerTests", "TrainingServices\TrainingServices.BusinessLayerTests\TrainingServices.BusinessLayerTests.csproj", "{0F68457F-F05B-44B5-A8EB-52267169D674}"
EndProject
Project("{9A19103F-16F7-4668-BE54-9A1E7A4F7556}") = "OnlineServices.Common", "Cross-Cutting\OnlineServices.Shared\OnlineServices.Common.csproj", "{1BB17343-744F-42B0-9992-225D5084CE18}"
EndProject
Project("{9A19103F-16F7-4668-BE54-9A1E7A4F7556}") = "OnlineServices.CommonTests", "Cross-Cutting\OnlineServices.SharedTests\OnlineServices.CommonTests.csproj", "{FC9E9F7E-64D7-4A1E-A972-C5EC3AAED045}"
EndProject
Project("{2150E333-8FDC-42A3-9474-1A3956D46DE8}") = "Application Layer", "Application Layer", "{22EB011A-39E4-41C2-898A-9BF918F8919C}"
EndProject
Project("{2150E333-8FDC-42A3-9474-1A3956D46DE8}") = "Cross-Cutting", "Cross-Cutting", "{C8220A85-F915-4946-A3C6-B7529EAE5F22}"
EndProject
Project("{2150E333-8FDC-42A3-9474-1A3956D46DE8}") = "TRS - TranslationServices", "TRS - TranslationServices", "{EE373944-A59F-4560-B9EE-E790823E1CED}"
EndProject
Project("{9A19103F-16F7-4668-BE54-9A1E7A4F7556}") = "TranslationServices.BusinessLayer", "TranslationServices\TranslationServices.BusinessLayer\TranslationServices.BusinessLayer.csproj", "{919A3A33-86AA-4E75-9DD1-10CBFCF4DAA0}"
EndProject
Project("{9A19103F-16F7-4668-BE54-9A1E7A4F7556}") = "TranslationServices.BusinessLayerTests", "TranslationServices\TranslationServices.BusinessLayerTests\TranslationServices.BusinessLayerTests.csproj", "{52BB4F02-61BD-4EEB-A371-5A7A56C97FB4}"
EndProject
Project("{2150E333-8FDC-42A3-9474-1A3956D46DE8}") = "Business Logic Layer", "Business Logic Layer", "{E26FEFE7-7888-4974-8CB9-243226215EC2}"
EndProject
Project("{9A19103F-16F7-4668-BE54-9A1E7A4F7556}") = "TranslationServices.DataLayer.ServiceAgents", "TranslationServices\TranslationServices.DataLayer.ServiceAgents\TranslationServices.DataLayer.ServiceAgents.csproj", "{272E2FAE-0206-4BC9-8E3F-A4DD6B7811B2}"
EndProject
Project("{9A19103F-16F7-4668-BE54-9A1E7A4F7556}") = "TranslationServices.DataLayer.ServiceAgentsTests", "TranslationServices\TranslationServices.DataLayer.ServiceAgentsTests\TranslationServices.DataLayer.ServiceAgentsTests.csproj", "{EBC757B1-9F5E-4FCA-99D9-0B9C044B4EAB}"
EndProject
Project("{2150E333-8FDC-42A3-9474-1A3956D46DE8}") = "Data Access Layer", "Data Access Layer", "{60FC7CBF-B28F-4F29-A9B4-A846A919004E}"
EndProject
Project("{2150E333-8FDC-42A3-9474-1A3956D46DE8}") = "ES - EvaluationServices", "ES - EvaluationServices", "{96D71396-C583-436E-9A06-F1FF79169A81}"
EndProject
Project("{2150E333-8FDC-42A3-9474-1A3956D46DE8}") = "Business Logic Layer", "Business Logic Layer", "{2CA1D71D-6C2F-4316-B217-AE53FBB1A513}"
EndProject
Project("{2150E333-8FDC-42A3-9474-1A3956D46DE8}") = "Data Access Layer", "Data Access Layer", "{A864CBCF-EB40-4D99-99A6-EE3575C3A6BC}"
EndProject
Project("{9A19103F-16F7-4668-BE54-9A1E7A4F7556}") = "EvaluationServices.DataLayer", "EvaluationServices\EvaluationServices.DataLayer\EvaluationServices.DataLayer.csproj", "{9417427D-A880-426A-8221-4776DDC33BD1}"
EndProject
Project("{9A19103F-16F7-4668-BE54-9A1E7A4F7556}") = "EvaluationServices.DataLayerTests", "EvaluationServices\EvaluationServices.DataLayerTests\EvaluationServices.DataLayerTests.csproj", "{30DB3E98-7804-4D68-8E91-F8A5BE31E9D5}"
EndProject
Project("{9A19103F-16F7-4668-BE54-9A1E7A4F7556}") = "EvaluationServices.BusinessLayer", "EvaluationServices\EvaluationServices.BusinessLayer\EvaluationServices.BusinessLayer.csproj", "{3BDCDED2-18CB-4A3A-B89D-9945E3E55F07}"
EndProject
Project("{9A19103F-16F7-4668-BE54-9A1E7A4F7556}") = "EvaluationServices.BusinessLayerTests", "EvaluationServices\EvaluationServices.BusinessLayerTests\EvaluationServices.BusinessLayerTests.csproj", "{2E7C16FB-842F-4313-8E50-519B95991C16}"
EndProject
Project("{2150E333-8FDC-42A3-9474-1A3956D46DE8}") = "CS - CommunicationServices", "CS - CommunicationServices", "{71FE01E1-7C8C-4EAB-ABBC-A897A33A4E60}"
EndProject
Project("{2150E333-8FDC-42A3-9474-1A3956D46DE8}") = "Business Logic Layer", "Business Logic Layer", "{749AE4D3-04A7-480D-ADDC-55F48CC78126}"
EndProject
Project("{2150E333-8FDC-42A3-9474-1A3956D46DE8}") = "Cross-Cutting", "Cross-Cutting", "{17592EE3-1199-4C4D-BA3D-A49B633A064A}"
EndProject
Project("{2150E333-8FDC-42A3-9474-1A3956D46DE8}") = "Data Access Layer", "Data Access Layer", "{C55CAEA2-24E1-4B88-926F-99869AD6D1D1}"
EndProject
Project("{9A19103F-16F7-4668-BE54-9A1E7A4F7556}") = "CommunicationServices.BusinessLayer", "CommunicationServices.BusinessLayer\CommunicationServices.BusinessLayer.csproj", "{8931DD76-17F3-4C1F-AC93-6C3B4CFA03DE}"
EndProject
Project("{2150E333-8FDC-42A3-9474-1A3956D46DE8}") = "Documents", "Documents", "{7E89BA33-7DFF-462F-8A09-A7BFAEA687BC}"
	ProjectSection(SolutionItems) = preProject
		..\..\..\Downloads\CommunicationServices.JPG = ..\..\..\Downloads\CommunicationServices.JPG
	EndProjectSection
EndProject
Project("{9A19103F-16F7-4668-BE54-9A1E7A4F7556}") = "CommunicationServices.BusinessLayerTests", "CommunicationServices\CommunicationServices.BusinessLayerTests\CommunicationServices.BusinessLayerTests.csproj", "{465235BF-09B7-45EF-ABC9-8C6FFC15BFCD}"
EndProject
Project("{9A19103F-16F7-4668-BE54-9A1E7A4F7556}") = "CommunicationServices.CrossCutting", "CommunicationServices\CommunicationServices.CrossCutting\CrossCutting\CommunicationServices.CrossCutting.csproj", "{E7656005-A403-4FB8-B0F7-1B60F3A8D1C2}"
EndProject
Project("{9A19103F-16F7-4668-BE54-9A1E7A4F7556}") = "RegistrationServices.DataLayer", "UserServices\UserServices.DataLayer\RegistrationServices.DataLayer.csproj", "{728B97AD-707F-4B88-9D0E-03A02007D12B}"
EndProject
Project("{9A19103F-16F7-4668-BE54-9A1E7A4F7556}") = "RegistrationServices.DataLayerTests", "UserServices\UserServices.DataLayerTests\RegistrationServices.DataLayerTests.csproj", "{B6BC076E-D019-44A4-9B58-6965CA71C257}"
EndProject
Project("{9A19103F-16F7-4668-BE54-9A1E7A4F7556}") = "RegistrationServices.BusinessLayer", "UserServices\UserServices.BusinessLayer\RegistrationServices.BusinessLayer.csproj", "{C697680E-3244-448A-B099-1F19B05226AB}"
EndProject
Project("{9A19103F-16F7-4668-BE54-9A1E7A4F7556}") = "RegistrationServices.BusinessLayerTests", "UserServices\UserServices.BusinessLayerTests\RegistrationServices.BusinessLayerTests.csproj", "{7EEA7D74-D150-40F0-86AE-97D09F2F8A55}"
EndProject
Project("{2150E333-8FDC-42A3-9474-1A3956D46DE8}") = "AS - AttendanceServices", "AS - AttendanceServices", "{710F6C71-92D3-44F3-B6AF-19A0F8E5395A}"
EndProject
Project("{9A19103F-16F7-4668-BE54-9A1E7A4F7556}") = "AttendanceServices.BusinessLayer", "AttendanceServices\AttendanceServices.BusinessLayer\AttendanceServices.BusinessLayer.csproj", "{C16F2E6C-1E89-4015-A85B-08F4829DA506}"
EndProject
Project("{9A19103F-16F7-4668-BE54-9A1E7A4F7556}") = "AttendanceServices.BusinessLayer.Tests", "AttendanceServices\AttendanceServices.BusinessLayer.Tests\AttendanceServices.BusinessLayer.Tests.csproj", "{DC6CD09D-5D90-4D95-B7EF-6BBC7051C270}"
EndProject
Project("{9A19103F-16F7-4668-BE54-9A1E7A4F7556}") = "AttendanceServices.DataLayer", "AttendanceServices\AttendanceServices.DataLayer\AttendanceServices.DataLayer.csproj", "{01989B24-E4DD-4B3F-B357-DCD7790ECE31}"
EndProject
Project("{9A19103F-16F7-4668-BE54-9A1E7A4F7556}") = "AttendanceServices.DataLayer.Tests", "AttendanceServices\AttendanceServices.DataLayer.Tests\AttendanceServices.DataLayer.Tests.csproj", "{F33A0307-68CB-4D3E-8CCB-3AFE0E283215}"
EndProject
Project("{9A19103F-16F7-4668-BE54-9A1E7A4F7556}") = "EvaluationServices.BusinessLayer.Tests1", "EvaluationServices\EvaluationServices.BusinessLayer.Tests1\EvaluationServices.BusinessLayer.Tests1.csproj", "{6A2DD362-BB27-4365-88EC-87A3906DBB18}"
EndProject
Project("{FAE04EC0-301F-11D3-BF4B-00C04F79EFBC}") = "OnlineServices.WebUx.Mvc6", "Presentation Layer\OnlineServices.WebUx.Mvc6\OnlineServices.WebUx.Mvc6.csproj", "{149B413C-6CE4-4BD9-AE25-598F0D115735}"
EndProject
Project("{FAE04EC0-301F-11D3-BF4B-00C04F79EFBC}") = "OnlineServices.WebUx.Mvc6Tests", "Presentation Layer\OnlineServices.WebUx.Mvc6Tests\OnlineServices.WebUx.Mvc6Tests.csproj", "{4C5808B1-2FC2-4675-B563-10DFFA59D943}"
EndProject
Project("{FAE04EC0-301F-11D3-BF4B-00C04F79EFBC}") = "OnlineServices.WebUx.Mvc5", "Presentation Layer\OnlineServices.WebUx.Mvc5\OnlineServices.WebUx.Mvc5.csproj", "{AF4A3BA3-A5BD-4276-8A5C-8A334A93C202}"
EndProject
Project("{FAE04EC0-301F-11D3-BF4B-00C04F79EFBC}") = "OnlineServices.WebUx.Mvc5Tests", "Presentation Layer\OnlineServices.WebUx.Mvc5Tests\OnlineServices.WebUx.Mvc5Tests.csproj", "{81ACBE36-ABC5-48DB-ADE6-0A853AB7C3D3}"
EndProject
Global
	GlobalSection(SolutionConfigurationPlatforms) = preSolution
		Debug|Any CPU = Debug|Any CPU
		Release|Any CPU = Release|Any CPU
	EndGlobalSection
	GlobalSection(ProjectConfigurationPlatforms) = postSolution
		{646F687F-4B2E-43B2-AEA2-E59250724110}.Debug|Any CPU.ActiveCfg = Debug|Any CPU
		{646F687F-4B2E-43B2-AEA2-E59250724110}.Debug|Any CPU.Build.0 = Debug|Any CPU
		{646F687F-4B2E-43B2-AEA2-E59250724110}.Release|Any CPU.ActiveCfg = Release|Any CPU
		{646F687F-4B2E-43B2-AEA2-E59250724110}.Release|Any CPU.Build.0 = Release|Any CPU
		{899EE2C4-D8F5-4121-9477-FD57F3FC0241}.Debug|Any CPU.ActiveCfg = Debug|Any CPU
		{899EE2C4-D8F5-4121-9477-FD57F3FC0241}.Debug|Any CPU.Build.0 = Debug|Any CPU
		{899EE2C4-D8F5-4121-9477-FD57F3FC0241}.Release|Any CPU.ActiveCfg = Release|Any CPU
		{899EE2C4-D8F5-4121-9477-FD57F3FC0241}.Release|Any CPU.Build.0 = Release|Any CPU
		{C123D674-444E-4C48-B45B-2D4B9B261576}.Debug|Any CPU.ActiveCfg = Debug|Any CPU
		{C123D674-444E-4C48-B45B-2D4B9B261576}.Debug|Any CPU.Build.0 = Debug|Any CPU
		{C123D674-444E-4C48-B45B-2D4B9B261576}.Release|Any CPU.ActiveCfg = Release|Any CPU
		{C123D674-444E-4C48-B45B-2D4B9B261576}.Release|Any CPU.Build.0 = Release|Any CPU
		{89F56160-267F-45FE-AB27-C92D3A868B85}.Debug|Any CPU.ActiveCfg = Debug|Any CPU
		{89F56160-267F-45FE-AB27-C92D3A868B85}.Debug|Any CPU.Build.0 = Debug|Any CPU
		{89F56160-267F-45FE-AB27-C92D3A868B85}.Release|Any CPU.ActiveCfg = Release|Any CPU
		{89F56160-267F-45FE-AB27-C92D3A868B85}.Release|Any CPU.Build.0 = Release|Any CPU
		{9DC18D8C-D979-4680-84FE-D6FB55BC7C63}.Debug|Any CPU.ActiveCfg = Debug|Any CPU
		{9DC18D8C-D979-4680-84FE-D6FB55BC7C63}.Debug|Any CPU.Build.0 = Debug|Any CPU
		{9DC18D8C-D979-4680-84FE-D6FB55BC7C63}.Release|Any CPU.ActiveCfg = Release|Any CPU
		{9DC18D8C-D979-4680-84FE-D6FB55BC7C63}.Release|Any CPU.Build.0 = Release|Any CPU
		{D1AD10B5-310D-4877-ACC1-AF636E809D4A}.Debug|Any CPU.ActiveCfg = Debug|Any CPU
		{D1AD10B5-310D-4877-ACC1-AF636E809D4A}.Debug|Any CPU.Build.0 = Debug|Any CPU
		{D1AD10B5-310D-4877-ACC1-AF636E809D4A}.Release|Any CPU.ActiveCfg = Release|Any CPU
		{D1AD10B5-310D-4877-ACC1-AF636E809D4A}.Release|Any CPU.Build.0 = Release|Any CPU
		{3823F515-D90E-4F40-95F3-F62F5F61F225}.Debug|Any CPU.ActiveCfg = Debug|Any CPU
		{3823F515-D90E-4F40-95F3-F62F5F61F225}.Debug|Any CPU.Build.0 = Debug|Any CPU
		{3823F515-D90E-4F40-95F3-F62F5F61F225}.Release|Any CPU.ActiveCfg = Release|Any CPU
		{3823F515-D90E-4F40-95F3-F62F5F61F225}.Release|Any CPU.Build.0 = Release|Any CPU
		{6B2475E4-C154-4A6B-A6F6-A1FE588929A2}.Debug|Any CPU.ActiveCfg = Debug|Any CPU
		{6B2475E4-C154-4A6B-A6F6-A1FE588929A2}.Debug|Any CPU.Build.0 = Debug|Any CPU
		{6B2475E4-C154-4A6B-A6F6-A1FE588929A2}.Release|Any CPU.ActiveCfg = Release|Any CPU
		{6B2475E4-C154-4A6B-A6F6-A1FE588929A2}.Release|Any CPU.Build.0 = Release|Any CPU
		{8D9781AB-6F5C-4573-B65B-BC5A146D7C8D}.Debug|Any CPU.ActiveCfg = Debug|Any CPU
		{8D9781AB-6F5C-4573-B65B-BC5A146D7C8D}.Debug|Any CPU.Build.0 = Debug|Any CPU
		{8D9781AB-6F5C-4573-B65B-BC5A146D7C8D}.Release|Any CPU.ActiveCfg = Release|Any CPU
		{8D9781AB-6F5C-4573-B65B-BC5A146D7C8D}.Release|Any CPU.Build.0 = Release|Any CPU
		{0784B380-C2E0-4CE1-B5D1-3C0C225A50ED}.Debug|Any CPU.ActiveCfg = Debug|Any CPU
		{0784B380-C2E0-4CE1-B5D1-3C0C225A50ED}.Debug|Any CPU.Build.0 = Debug|Any CPU
		{0784B380-C2E0-4CE1-B5D1-3C0C225A50ED}.Release|Any CPU.ActiveCfg = Release|Any CPU
		{0784B380-C2E0-4CE1-B5D1-3C0C225A50ED}.Release|Any CPU.Build.0 = Release|Any CPU
		{2D6CE2EA-EEB3-4006-8908-EE6321661BA7}.Debug|Any CPU.ActiveCfg = Debug|Any CPU
		{2D6CE2EA-EEB3-4006-8908-EE6321661BA7}.Debug|Any CPU.Build.0 = Debug|Any CPU
		{2D6CE2EA-EEB3-4006-8908-EE6321661BA7}.Release|Any CPU.ActiveCfg = Release|Any CPU
		{2D6CE2EA-EEB3-4006-8908-EE6321661BA7}.Release|Any CPU.Build.0 = Release|Any CPU
		{0F68457F-F05B-44B5-A8EB-52267169D674}.Debug|Any CPU.ActiveCfg = Debug|Any CPU
		{0F68457F-F05B-44B5-A8EB-52267169D674}.Debug|Any CPU.Build.0 = Debug|Any CPU
		{0F68457F-F05B-44B5-A8EB-52267169D674}.Release|Any CPU.ActiveCfg = Release|Any CPU
		{0F68457F-F05B-44B5-A8EB-52267169D674}.Release|Any CPU.Build.0 = Release|Any CPU
		{1BB17343-744F-42B0-9992-225D5084CE18}.Debug|Any CPU.ActiveCfg = Debug|Any CPU
		{1BB17343-744F-42B0-9992-225D5084CE18}.Debug|Any CPU.Build.0 = Debug|Any CPU
		{1BB17343-744F-42B0-9992-225D5084CE18}.Release|Any CPU.ActiveCfg = Release|Any CPU
		{1BB17343-744F-42B0-9992-225D5084CE18}.Release|Any CPU.Build.0 = Release|Any CPU
		{FC9E9F7E-64D7-4A1E-A972-C5EC3AAED045}.Debug|Any CPU.ActiveCfg = Debug|Any CPU
		{FC9E9F7E-64D7-4A1E-A972-C5EC3AAED045}.Debug|Any CPU.Build.0 = Debug|Any CPU
		{FC9E9F7E-64D7-4A1E-A972-C5EC3AAED045}.Release|Any CPU.ActiveCfg = Release|Any CPU
		{FC9E9F7E-64D7-4A1E-A972-C5EC3AAED045}.Release|Any CPU.Build.0 = Release|Any CPU
		{919A3A33-86AA-4E75-9DD1-10CBFCF4DAA0}.Debug|Any CPU.ActiveCfg = Debug|Any CPU
		{919A3A33-86AA-4E75-9DD1-10CBFCF4DAA0}.Debug|Any CPU.Build.0 = Debug|Any CPU
		{919A3A33-86AA-4E75-9DD1-10CBFCF4DAA0}.Release|Any CPU.ActiveCfg = Release|Any CPU
		{919A3A33-86AA-4E75-9DD1-10CBFCF4DAA0}.Release|Any CPU.Build.0 = Release|Any CPU
		{52BB4F02-61BD-4EEB-A371-5A7A56C97FB4}.Debug|Any CPU.ActiveCfg = Debug|Any CPU
		{52BB4F02-61BD-4EEB-A371-5A7A56C97FB4}.Debug|Any CPU.Build.0 = Debug|Any CPU
		{52BB4F02-61BD-4EEB-A371-5A7A56C97FB4}.Release|Any CPU.ActiveCfg = Release|Any CPU
		{52BB4F02-61BD-4EEB-A371-5A7A56C97FB4}.Release|Any CPU.Build.0 = Release|Any CPU
		{272E2FAE-0206-4BC9-8E3F-A4DD6B7811B2}.Debug|Any CPU.ActiveCfg = Debug|Any CPU
		{272E2FAE-0206-4BC9-8E3F-A4DD6B7811B2}.Debug|Any CPU.Build.0 = Debug|Any CPU
		{272E2FAE-0206-4BC9-8E3F-A4DD6B7811B2}.Release|Any CPU.ActiveCfg = Release|Any CPU
		{272E2FAE-0206-4BC9-8E3F-A4DD6B7811B2}.Release|Any CPU.Build.0 = Release|Any CPU
		{EBC757B1-9F5E-4FCA-99D9-0B9C044B4EAB}.Debug|Any CPU.ActiveCfg = Debug|Any CPU
		{EBC757B1-9F5E-4FCA-99D9-0B9C044B4EAB}.Debug|Any CPU.Build.0 = Debug|Any CPU
		{EBC757B1-9F5E-4FCA-99D9-0B9C044B4EAB}.Release|Any CPU.ActiveCfg = Release|Any CPU
		{EBC757B1-9F5E-4FCA-99D9-0B9C044B4EAB}.Release|Any CPU.Build.0 = Release|Any CPU
		{9417427D-A880-426A-8221-4776DDC33BD1}.Debug|Any CPU.ActiveCfg = Debug|Any CPU
		{9417427D-A880-426A-8221-4776DDC33BD1}.Debug|Any CPU.Build.0 = Debug|Any CPU
		{9417427D-A880-426A-8221-4776DDC33BD1}.Release|Any CPU.ActiveCfg = Release|Any CPU
		{9417427D-A880-426A-8221-4776DDC33BD1}.Release|Any CPU.Build.0 = Release|Any CPU
		{30DB3E98-7804-4D68-8E91-F8A5BE31E9D5}.Debug|Any CPU.ActiveCfg = Debug|Any CPU
		{30DB3E98-7804-4D68-8E91-F8A5BE31E9D5}.Debug|Any CPU.Build.0 = Debug|Any CPU
		{30DB3E98-7804-4D68-8E91-F8A5BE31E9D5}.Release|Any CPU.ActiveCfg = Release|Any CPU
		{30DB3E98-7804-4D68-8E91-F8A5BE31E9D5}.Release|Any CPU.Build.0 = Release|Any CPU
		{3BDCDED2-18CB-4A3A-B89D-9945E3E55F07}.Debug|Any CPU.ActiveCfg = Debug|Any CPU
		{3BDCDED2-18CB-4A3A-B89D-9945E3E55F07}.Debug|Any CPU.Build.0 = Debug|Any CPU
		{3BDCDED2-18CB-4A3A-B89D-9945E3E55F07}.Release|Any CPU.ActiveCfg = Release|Any CPU
		{3BDCDED2-18CB-4A3A-B89D-9945E3E55F07}.Release|Any CPU.Build.0 = Release|Any CPU
		{2E7C16FB-842F-4313-8E50-519B95991C16}.Debug|Any CPU.ActiveCfg = Debug|Any CPU
		{2E7C16FB-842F-4313-8E50-519B95991C16}.Debug|Any CPU.Build.0 = Debug|Any CPU
		{2E7C16FB-842F-4313-8E50-519B95991C16}.Release|Any CPU.ActiveCfg = Release|Any CPU
		{2E7C16FB-842F-4313-8E50-519B95991C16}.Release|Any CPU.Build.0 = Release|Any CPU
		{8931DD76-17F3-4C1F-AC93-6C3B4CFA03DE}.Debug|Any CPU.ActiveCfg = Debug|Any CPU
		{8931DD76-17F3-4C1F-AC93-6C3B4CFA03DE}.Debug|Any CPU.Build.0 = Debug|Any CPU
		{8931DD76-17F3-4C1F-AC93-6C3B4CFA03DE}.Release|Any CPU.ActiveCfg = Release|Any CPU
		{8931DD76-17F3-4C1F-AC93-6C3B4CFA03DE}.Release|Any CPU.Build.0 = Release|Any CPU
		{465235BF-09B7-45EF-ABC9-8C6FFC15BFCD}.Debug|Any CPU.ActiveCfg = Debug|Any CPU
		{465235BF-09B7-45EF-ABC9-8C6FFC15BFCD}.Debug|Any CPU.Build.0 = Debug|Any CPU
		{465235BF-09B7-45EF-ABC9-8C6FFC15BFCD}.Release|Any CPU.ActiveCfg = Release|Any CPU
		{465235BF-09B7-45EF-ABC9-8C6FFC15BFCD}.Release|Any CPU.Build.0 = Release|Any CPU
		{E7656005-A403-4FB8-B0F7-1B60F3A8D1C2}.Debug|Any CPU.ActiveCfg = Debug|Any CPU
		{E7656005-A403-4FB8-B0F7-1B60F3A8D1C2}.Debug|Any CPU.Build.0 = Debug|Any CPU
		{E7656005-A403-4FB8-B0F7-1B60F3A8D1C2}.Release|Any CPU.ActiveCfg = Release|Any CPU
		{E7656005-A403-4FB8-B0F7-1B60F3A8D1C2}.Release|Any CPU.Build.0 = Release|Any CPU
		{728B97AD-707F-4B88-9D0E-03A02007D12B}.Debug|Any CPU.ActiveCfg = Debug|Any CPU
		{728B97AD-707F-4B88-9D0E-03A02007D12B}.Debug|Any CPU.Build.0 = Debug|Any CPU
		{728B97AD-707F-4B88-9D0E-03A02007D12B}.Release|Any CPU.ActiveCfg = Release|Any CPU
		{728B97AD-707F-4B88-9D0E-03A02007D12B}.Release|Any CPU.Build.0 = Release|Any CPU
		{B6BC076E-D019-44A4-9B58-6965CA71C257}.Debug|Any CPU.ActiveCfg = Debug|Any CPU
		{B6BC076E-D019-44A4-9B58-6965CA71C257}.Debug|Any CPU.Build.0 = Debug|Any CPU
		{B6BC076E-D019-44A4-9B58-6965CA71C257}.Release|Any CPU.ActiveCfg = Release|Any CPU
		{B6BC076E-D019-44A4-9B58-6965CA71C257}.Release|Any CPU.Build.0 = Release|Any CPU
		{C697680E-3244-448A-B099-1F19B05226AB}.Debug|Any CPU.ActiveCfg = Debug|Any CPU
		{C697680E-3244-448A-B099-1F19B05226AB}.Debug|Any CPU.Build.0 = Debug|Any CPU
		{C697680E-3244-448A-B099-1F19B05226AB}.Release|Any CPU.ActiveCfg = Release|Any CPU
		{C697680E-3244-448A-B099-1F19B05226AB}.Release|Any CPU.Build.0 = Release|Any CPU
		{7EEA7D74-D150-40F0-86AE-97D09F2F8A55}.Debug|Any CPU.ActiveCfg = Debug|Any CPU
		{7EEA7D74-D150-40F0-86AE-97D09F2F8A55}.Debug|Any CPU.Build.0 = Debug|Any CPU
		{7EEA7D74-D150-40F0-86AE-97D09F2F8A55}.Release|Any CPU.ActiveCfg = Release|Any CPU
		{7EEA7D74-D150-40F0-86AE-97D09F2F8A55}.Release|Any CPU.Build.0 = Release|Any CPU
		{C16F2E6C-1E89-4015-A85B-08F4829DA506}.Debug|Any CPU.ActiveCfg = Debug|Any CPU
		{C16F2E6C-1E89-4015-A85B-08F4829DA506}.Debug|Any CPU.Build.0 = Debug|Any CPU
		{C16F2E6C-1E89-4015-A85B-08F4829DA506}.Release|Any CPU.ActiveCfg = Release|Any CPU
		{C16F2E6C-1E89-4015-A85B-08F4829DA506}.Release|Any CPU.Build.0 = Release|Any CPU
		{DC6CD09D-5D90-4D95-B7EF-6BBC7051C270}.Debug|Any CPU.ActiveCfg = Debug|Any CPU
		{DC6CD09D-5D90-4D95-B7EF-6BBC7051C270}.Debug|Any CPU.Build.0 = Debug|Any CPU
		{DC6CD09D-5D90-4D95-B7EF-6BBC7051C270}.Release|Any CPU.ActiveCfg = Release|Any CPU
		{DC6CD09D-5D90-4D95-B7EF-6BBC7051C270}.Release|Any CPU.Build.0 = Release|Any CPU
		{01989B24-E4DD-4B3F-B357-DCD7790ECE31}.Debug|Any CPU.ActiveCfg = Debug|Any CPU
		{01989B24-E4DD-4B3F-B357-DCD7790ECE31}.Debug|Any CPU.Build.0 = Debug|Any CPU
		{01989B24-E4DD-4B3F-B357-DCD7790ECE31}.Release|Any CPU.ActiveCfg = Release|Any CPU
		{01989B24-E4DD-4B3F-B357-DCD7790ECE31}.Release|Any CPU.Build.0 = Release|Any CPU
		{F33A0307-68CB-4D3E-8CCB-3AFE0E283215}.Debug|Any CPU.ActiveCfg = Debug|Any CPU
		{F33A0307-68CB-4D3E-8CCB-3AFE0E283215}.Debug|Any CPU.Build.0 = Debug|Any CPU
		{F33A0307-68CB-4D3E-8CCB-3AFE0E283215}.Release|Any CPU.ActiveCfg = Release|Any CPU
		{F33A0307-68CB-4D3E-8CCB-3AFE0E283215}.Release|Any CPU.Build.0 = Release|Any CPU
		{6A2DD362-BB27-4365-88EC-87A3906DBB18}.Debug|Any CPU.ActiveCfg = Debug|Any CPU
		{6A2DD362-BB27-4365-88EC-87A3906DBB18}.Debug|Any CPU.Build.0 = Debug|Any CPU
		{6A2DD362-BB27-4365-88EC-87A3906DBB18}.Release|Any CPU.ActiveCfg = Release|Any CPU
		{6A2DD362-BB27-4365-88EC-87A3906DBB18}.Release|Any CPU.Build.0 = Release|Any CPU
		{149B413C-6CE4-4BD9-AE25-598F0D115735}.Debug|Any CPU.ActiveCfg = Debug|Any CPU
		{149B413C-6CE4-4BD9-AE25-598F0D115735}.Debug|Any CPU.Build.0 = Debug|Any CPU
		{149B413C-6CE4-4BD9-AE25-598F0D115735}.Release|Any CPU.ActiveCfg = Release|Any CPU
		{149B413C-6CE4-4BD9-AE25-598F0D115735}.Release|Any CPU.Build.0 = Release|Any CPU
		{4C5808B1-2FC2-4675-B563-10DFFA59D943}.Debug|Any CPU.ActiveCfg = Debug|Any CPU
		{4C5808B1-2FC2-4675-B563-10DFFA59D943}.Debug|Any CPU.Build.0 = Debug|Any CPU
		{4C5808B1-2FC2-4675-B563-10DFFA59D943}.Release|Any CPU.ActiveCfg = Release|Any CPU
		{4C5808B1-2FC2-4675-B563-10DFFA59D943}.Release|Any CPU.Build.0 = Release|Any CPU
		{AF4A3BA3-A5BD-4276-8A5C-8A334A93C202}.Debug|Any CPU.ActiveCfg = Debug|Any CPU
		{AF4A3BA3-A5BD-4276-8A5C-8A334A93C202}.Debug|Any CPU.Build.0 = Debug|Any CPU
		{AF4A3BA3-A5BD-4276-8A5C-8A334A93C202}.Release|Any CPU.ActiveCfg = Release|Any CPU
		{AF4A3BA3-A5BD-4276-8A5C-8A334A93C202}.Release|Any CPU.Build.0 = Release|Any CPU
		{81ACBE36-ABC5-48DB-ADE6-0A853AB7C3D3}.Debug|Any CPU.ActiveCfg = Debug|Any CPU
		{81ACBE36-ABC5-48DB-ADE6-0A853AB7C3D3}.Debug|Any CPU.Build.0 = Debug|Any CPU
		{81ACBE36-ABC5-48DB-ADE6-0A853AB7C3D3}.Release|Any CPU.ActiveCfg = Release|Any CPU
		{81ACBE36-ABC5-48DB-ADE6-0A853AB7C3D3}.Release|Any CPU.Build.0 = Release|Any CPU
	EndGlobalSection
	GlobalSection(SolutionProperties) = preSolution
		HideSolutionNode = FALSE
	EndGlobalSection
	GlobalSection(NestedProjects) = preSolution
		{F08B134A-2EF0-4BB1-965C-74BC5848D661} = {52DCD7F9-F2C0-45AA-A2BA-870AE47B87A3}
		{A4348AF5-684D-4727-BCC0-6B543E9BB028} = {52DCD7F9-F2C0-45AA-A2BA-870AE47B87A3}
		{52DCD7F9-F2C0-45AA-A2BA-870AE47B87A3} = {22EB011A-39E4-41C2-898A-9BF918F8919C}
		{646F687F-4B2E-43B2-AEA2-E59250724110} = {F08B134A-2EF0-4BB1-965C-74BC5848D661}
		{899EE2C4-D8F5-4121-9477-FD57F3FC0241} = {F08B134A-2EF0-4BB1-965C-74BC5848D661}
		{C123D674-444E-4C48-B45B-2D4B9B261576} = {A4348AF5-684D-4727-BCC0-6B543E9BB028}
		{89F56160-267F-45FE-AB27-C92D3A868B85} = {A4348AF5-684D-4727-BCC0-6B543E9BB028}
		{0DDEE60A-8AE3-4255-9B3F-837F62049D4A} = {22EB011A-39E4-41C2-898A-9BF918F8919C}
		{9DC18D8C-D979-4680-84FE-D6FB55BC7C63} = {135D23C0-EC8E-45B5-8E48-D98B14A0F17E}
		{135D23C0-EC8E-45B5-8E48-D98B14A0F17E} = {0DDEE60A-8AE3-4255-9B3F-837F62049D4A}
		{D1AD10B5-310D-4877-ACC1-AF636E809D4A} = {135D23C0-EC8E-45B5-8E48-D98B14A0F17E}
		{AEA097D8-4641-4D2E-919B-17DF2BE64BA6} = {0DDEE60A-8AE3-4255-9B3F-837F62049D4A}
		{3823F515-D90E-4F40-95F3-F62F5F61F225} = {AEA097D8-4641-4D2E-919B-17DF2BE64BA6}
		{6B2475E4-C154-4A6B-A6F6-A1FE588929A2} = {AEA097D8-4641-4D2E-919B-17DF2BE64BA6}
		{57DF89CB-51CE-4D34-B274-403296A15202} = {22EB011A-39E4-41C2-898A-9BF918F8919C}
		{8295AE90-2063-4E09-8EDC-0107C2FAC9B3} = {57DF89CB-51CE-4D34-B274-403296A15202}
		{0F156B42-8E76-421F-9149-31BBB87DFF8E} = {57DF89CB-51CE-4D34-B274-403296A15202}
		{1EEE6C60-EF60-4054-8EDB-B92890445D30} = {22EB011A-39E4-41C2-898A-9BF918F8919C}
		{1331A2FD-5835-49CE-BDF2-475D9BC98A1E} = {1EEE6C60-EF60-4054-8EDB-B92890445D30}
		{5262E2A9-74C4-4C79-AB22-E07EF57E5DA0} = {1EEE6C60-EF60-4054-8EDB-B92890445D30}
		{8D9781AB-6F5C-4573-B65B-BC5A146D7C8D} = {5262E2A9-74C4-4C79-AB22-E07EF57E5DA0}
		{0784B380-C2E0-4CE1-B5D1-3C0C225A50ED} = {5262E2A9-74C4-4C79-AB22-E07EF57E5DA0}
		{2D6CE2EA-EEB3-4006-8908-EE6321661BA7} = {1331A2FD-5835-49CE-BDF2-475D9BC98A1E}
		{0F68457F-F05B-44B5-A8EB-52267169D674} = {1331A2FD-5835-49CE-BDF2-475D9BC98A1E}
		{1BB17343-744F-42B0-9992-225D5084CE18} = {C8220A85-F915-4946-A3C6-B7529EAE5F22}
		{FC9E9F7E-64D7-4A1E-A972-C5EC3AAED045} = {C8220A85-F915-4946-A3C6-B7529EAE5F22}
		{EE373944-A59F-4560-B9EE-E790823E1CED} = {22EB011A-39E4-41C2-898A-9BF918F8919C}
		{919A3A33-86AA-4E75-9DD1-10CBFCF4DAA0} = {E26FEFE7-7888-4974-8CB9-243226215EC2}
		{52BB4F02-61BD-4EEB-A371-5A7A56C97FB4} = {E26FEFE7-7888-4974-8CB9-243226215EC2}
		{E26FEFE7-7888-4974-8CB9-243226215EC2} = {EE373944-A59F-4560-B9EE-E790823E1CED}
		{272E2FAE-0206-4BC9-8E3F-A4DD6B7811B2} = {60FC7CBF-B28F-4F29-A9B4-A846A919004E}
		{EBC757B1-9F5E-4FCA-99D9-0B9C044B4EAB} = {60FC7CBF-B28F-4F29-A9B4-A846A919004E}
		{60FC7CBF-B28F-4F29-A9B4-A846A919004E} = {EE373944-A59F-4560-B9EE-E790823E1CED}
		{96D71396-C583-436E-9A06-F1FF79169A81} = {22EB011A-39E4-41C2-898A-9BF918F8919C}
		{2CA1D71D-6C2F-4316-B217-AE53FBB1A513} = {96D71396-C583-436E-9A06-F1FF79169A81}
		{A864CBCF-EB40-4D99-99A6-EE3575C3A6BC} = {96D71396-C583-436E-9A06-F1FF79169A81}
		{9417427D-A880-426A-8221-4776DDC33BD1} = {A864CBCF-EB40-4D99-99A6-EE3575C3A6BC}
		{30DB3E98-7804-4D68-8E91-F8A5BE31E9D5} = {A864CBCF-EB40-4D99-99A6-EE3575C3A6BC}
		{3BDCDED2-18CB-4A3A-B89D-9945E3E55F07} = {2CA1D71D-6C2F-4316-B217-AE53FBB1A513}
		{2E7C16FB-842F-4313-8E50-519B95991C16} = {2CA1D71D-6C2F-4316-B217-AE53FBB1A513}
		{71FE01E1-7C8C-4EAB-ABBC-A897A33A4E60} = {22EB011A-39E4-41C2-898A-9BF918F8919C}
		{749AE4D3-04A7-480D-ADDC-55F48CC78126} = {71FE01E1-7C8C-4EAB-ABBC-A897A33A4E60}
		{17592EE3-1199-4C4D-BA3D-A49B633A064A} = {71FE01E1-7C8C-4EAB-ABBC-A897A33A4E60}
		{C55CAEA2-24E1-4B88-926F-99869AD6D1D1} = {71FE01E1-7C8C-4EAB-ABBC-A897A33A4E60}
		{8931DD76-17F3-4C1F-AC93-6C3B4CFA03DE} = {749AE4D3-04A7-480D-ADDC-55F48CC78126}
		{7E89BA33-7DFF-462F-8A09-A7BFAEA687BC} = {71FE01E1-7C8C-4EAB-ABBC-A897A33A4E60}
		{465235BF-09B7-45EF-ABC9-8C6FFC15BFCD} = {749AE4D3-04A7-480D-ADDC-55F48CC78126}
		{E7656005-A403-4FB8-B0F7-1B60F3A8D1C2} = {17592EE3-1199-4C4D-BA3D-A49B633A064A}
		{728B97AD-707F-4B88-9D0E-03A02007D12B} = {0F156B42-8E76-421F-9149-31BBB87DFF8E}
		{B6BC076E-D019-44A4-9B58-6965CA71C257} = {0F156B42-8E76-421F-9149-31BBB87DFF8E}
		{C697680E-3244-448A-B099-1F19B05226AB} = {8295AE90-2063-4E09-8EDC-0107C2FAC9B3}
		{7EEA7D74-D150-40F0-86AE-97D09F2F8A55} = {8295AE90-2063-4E09-8EDC-0107C2FAC9B3}
		{710F6C71-92D3-44F3-B6AF-19A0F8E5395A} = {22EB011A-39E4-41C2-898A-9BF918F8919C}
		{C16F2E6C-1E89-4015-A85B-08F4829DA506} = {710F6C71-92D3-44F3-B6AF-19A0F8E5395A}
		{DC6CD09D-5D90-4D95-B7EF-6BBC7051C270} = {710F6C71-92D3-44F3-B6AF-19A0F8E5395A}
		{01989B24-E4DD-4B3F-B357-DCD7790ECE31} = {710F6C71-92D3-44F3-B6AF-19A0F8E5395A}
		{F33A0307-68CB-4D3E-8CCB-3AFE0E283215} = {710F6C71-92D3-44F3-B6AF-19A0F8E5395A}
		{6A2DD362-BB27-4365-88EC-87A3906DBB18} = {2CA1D71D-6C2F-4316-B217-AE53FBB1A513}
		{149B413C-6CE4-4BD9-AE25-598F0D115735} = {62AD5A2E-5251-4EE1-A7BF-0549067846BE}
		{4C5808B1-2FC2-4675-B563-10DFFA59D943} = {62AD5A2E-5251-4EE1-A7BF-0549067846BE}
		{AF4A3BA3-A5BD-4276-8A5C-8A334A93C202} = {62AD5A2E-5251-4EE1-A7BF-0549067846BE}
		{81ACBE36-ABC5-48DB-ADE6-0A853AB7C3D3} = {62AD5A2E-5251-4EE1-A7BF-0549067846BE}
	EndGlobalSection
	GlobalSection(ExtensibilityGlobals) = postSolution
		SolutionGuid = {C170EEE5-52F4-4C78-ABDF-890E97482E62}
	EndGlobalSection
EndGlobal
